// !$*UTF8*$!
{
	archiveVersion = 1;
	classes = {
	};
	objectVersion = 46;
	objects = {

/* Begin PBXBuildFile section */
		E99C0E9B19FAF9670014F364 /* main.m in Sources */ = {isa = PBXBuildFile; fileRef = E99C0E9A19FAF9670014F364 /* main.m */; };
		E99C0E9E19FAF9670014F364 /* AppDelegate.m in Sources */ = {isa = PBXBuildFile; fileRef = E99C0E9D19FAF9670014F364 /* AppDelegate.m */; };
		E99C0EA119FAF9670014F364 /* ViewController.m in Sources */ = {isa = PBXBuildFile; fileRef = E99C0EA019FAF9670014F364 /* ViewController.m */; };
		E99C0EA419FAF9670014F364 /* Main.storyboard in Resources */ = {isa = PBXBuildFile; fileRef = E99C0EA219FAF9670014F364 /* Main.storyboard */; };
		E99C0EA619FAF9670014F364 /* Images.xcassets in Resources */ = {isa = PBXBuildFile; fileRef = E99C0EA519FAF9670014F364 /* Images.xcassets */; };
		E99C0EA919FAF9670014F364 /* LaunchScreen.xib in Resources */ = {isa = PBXBuildFile; fileRef = E99C0EA719FAF9670014F364 /* LaunchScreen.xib */; };
		E99C0EB519FAF9680014F364 /* PopInJumpTests.m in Sources */ = {isa = PBXBuildFile; fileRef = E99C0EB419FAF9680014F364 /* PopInJumpTests.m */; };
/* End PBXBuildFile section */

/* Begin PBXContainerItemProxy section */
		E99C0EAF19FAF9680014F364 /* PBXContainerItemProxy */ = {
			isa = PBXContainerItemProxy;
			containerPortal = E99C0E8D19FAF9670014F364 /* Project object */;
			proxyType = 1;
			remoteGlobalIDString = E99C0E9419FAF9670014F364;
			remoteInfo = PopInJump;
		};
/* End PBXContainerItemProxy section */

/* Begin PBXFileReference section */
		E99C0E9519FAF9670014F364 /* PopInJump.app */ = {isa = PBXFileReference; explicitFileType = wrapper.application; includeInIndex = 0; path = PopInJump.app; sourceTree = BUILT_PRODUCTS_DIR; };
		E99C0E9919FAF9670014F364 /* Info.plist */ = {isa = PBXFileReference; lastKnownFileType = text.plist.xml; path = Info.plist; sourceTree = "<group>"; };
		E99C0E9A19FAF9670014F364 /* main.m */ = {isa = PBXFileReference; lastKnownFileType = sourcecode.c.objc; path = main.m; sourceTree = "<group>"; };
		E99C0E9C19FAF9670014F364 /* AppDelegate.h */ = {isa = PBXFileReference; lastKnownFileType = sourcecode.c.h; path = AppDelegate.h; sourceTree = "<group>"; };
		E99C0E9D19FAF9670014F364 /* AppDelegate.m */ = {isa = PBXFileReference; lastKnownFileType = sourcecode.c.objc; path = AppDelegate.m; sourceTree = "<group>"; };
		E99C0E9F19FAF9670014F364 /* ViewController.h */ = {isa = PBXFileReference; lastKnownFileType = sourcecode.c.h; path = ViewController.h; sourceTree = "<group>"; };
		E99C0EA019FAF9670014F364 /* ViewController.m */ = {isa = PBXFileReference; lastKnownFileType = sourcecode.c.objc; path = ViewController.m; sourceTree = "<group>"; };
		E99C0EA319FAF9670014F364 /* Base */ = {isa = PBXFileReference; lastKnownFileType = file.storyboard; name = Base; path = Base.lproj/Main.storyboard; sourceTree = "<group>"; };
		E99C0EA519FAF9670014F364 /* Images.xcassets */ = {isa = PBXFileReference; lastKnownFileType = folder.assetcatalog; path = Images.xcassets; sourceTree = "<group>"; };
		E99C0EA819FAF9670014F364 /* Base */ = {isa = PBXFileReference; lastKnownFileType = file.xib; name = Base; path = Base.lproj/LaunchScreen.xib; sourceTree = "<group>"; };
		E99C0EAE19FAF9680014F364 /* PopInJumpTests.xctest */ = {isa = PBXFileReference; explicitFileType = wrapper.cfbundle; includeInIndex = 0; path = PopInJumpTests.xctest; sourceTree = BUILT_PRODUCTS_DIR; };
		E99C0EB319FAF9680014F364 /* Info.plist */ = {isa = PBXFileReference; lastKnownFileType = text.plist.xml; path = Info.plist; sourceTree = "<group>"; };
		E99C0EB419FAF9680014F364 /* PopInJumpTests.m */ = {isa = PBXFileReference; lastKnownFileType = sourcecode.c.objc; path = PopInJumpTests.m; sourceTree = "<group>"; };
/* End PBXFileReference section */

/* Begin PBXFrameworksBuildPhase section */
		E99C0E9219FAF9670014F364 /* Frameworks */ = {
			isa = PBXFrameworksBuildPhase;
			buildActionMask = 2147483647;
			files = (
			);
			runOnlyForDeploymentPostprocessing = 0;
		};
		E99C0EAB19FAF9680014F364 /* Frameworks */ = {
			isa = PBXFrameworksBuildPhase;
			buildActionMask = 2147483647;
			files = (
			);
			runOnlyForDeploymentPostprocessing = 0;
		};
/* End PBXFrameworksBuildPhase section */

/* Begin PBXGroup section */
		E99C0E8C19FAF9670014F364 = {
			isa = PBXGroup;
			children = (
				E99C0E9719FAF9670014F364 /* PopInJump */,
				E99C0EB119FAF9680014F364 /* PopInJumpTests */,
				E99C0E9619FAF9670014F364 /* Products */,
			);
			sourceTree = "<group>";
		};
		E99C0E9619FAF9670014F364 /* Products */ = {
			isa = PBXGroup;
			children = (
				E99C0E9519FAF9670014F364 /* PopInJump.app */,
				E99C0EAE19FAF9680014F364 /* PopInJumpTests.xctest */,
			);
			name = Products;
			sourceTree = "<group>";
		};
		E99C0E9719FAF9670014F364 /* PopInJump */ = {
			isa = PBXGroup;
			children = (
				E99C0E9C19FAF9670014F364 /* AppDelegate.h */,
				E99C0E9D19FAF9670014F364 /* AppDelegate.m */,
				E99C0E9F19FAF9670014F364 /* ViewController.h */,
				E99C0EA019FAF9670014F364 /* ViewController.m */,
				E99C0EA219FAF9670014F364 /* Main.storyboard */,
				E99C0EA519FAF9670014F364 /* Images.xcassets */,
				E99C0EA719FAF9670014F364 /* LaunchScreen.xib */,
				E99C0E9819FAF9670014F364 /* Supporting Files */,
			);
			path = PopInJump;
			sourceTree = "<group>";
		};
		E99C0E9819FAF9670014F364 /* Supporting Files */ = {
			isa = PBXGroup;
			children = (
				E99C0E9919FAF9670014F364 /* Info.plist */,
				E99C0E9A19FAF9670014F364 /* main.m */,
			);
			name = "Supporting Files";
			sourceTree = "<group>";
		};
		E99C0EB119FAF9680014F364 /* PopInJumpTests */ = {
			isa = PBXGroup;
			children = (
				E99C0EB419FAF9680014F364 /* PopInJumpTests.m */,
				E99C0EB219FAF9680014F364 /* Supporting Files */,
			);
			path = PopInJumpTests;
			sourceTree = "<group>";
		};
		E99C0EB219FAF9680014F364 /* Supporting Files */ = {
			isa = PBXGroup;
			children = (
				E99C0EB319FAF9680014F364 /* Info.plist */,
			);
			name = "Supporting Files";
			sourceTree = "<group>";
		};
/* End PBXGroup section */

/* Begin PBXNativeTarget section */
		E99C0E9419FAF9670014F364 /* PopInJump */ = {
			isa = PBXNativeTarget;
			buildConfigurationList = E99C0EB819FAF9680014F364 /* Build configuration list for PBXNativeTarget "PopInJump" */;
			buildPhases = (
				E99C0E9119FAF9670014F364 /* Sources */,
				E99C0E9219FAF9670014F364 /* Frameworks */,
				E99C0E9319FAF9670014F364 /* Resources */,
			);
			buildRules = (
			);
			dependencies = (
			);
			name = PopInJump;
			productName = PopInJump;
			productReference = E99C0E9519FAF9670014F364 /* PopInJump.app */;
			productType = "com.apple.product-type.application";
		};
		E99C0EAD19FAF9680014F364 /* PopInJumpTests */ = {
			isa = PBXNativeTarget;
			buildConfigurationList = E99C0EBB19FAF9680014F364 /* Build configuration list for PBXNativeTarget "PopInJumpTests" */;
			buildPhases = (
				E99C0EAA19FAF9680014F364 /* Sources */,
				E99C0EAB19FAF9680014F364 /* Frameworks */,
				E99C0EAC19FAF9680014F364 /* Resources */,
			);
			buildRules = (
			);
			dependencies = (
				E99C0EB019FAF9680014F364 /* PBXTargetDependency */,
			);
			name = PopInJumpTests;
			productName = PopInJumpTests;
			productReference = E99C0EAE19FAF9680014F364 /* PopInJumpTests.xctest */;
			productType = "com.apple.product-type.bundle.unit-test";
		};
/* End PBXNativeTarget section */

/* Begin PBXProject section */
		E99C0E8D19FAF9670014F364 /* Project object */ = {
			isa = PBXProject;
			attributes = {
				LastUpgradeCheck = 0610;
				ORGANIZATIONNAME = "Akira Matsuda";
				TargetAttributes = {
					E99C0E9419FAF9670014F364 = {
						CreatedOnToolsVersion = 6.1;
					};
					E99C0EAD19FAF9680014F364 = {
						CreatedOnToolsVersion = 6.1;
						TestTargetID = E99C0E9419FAF9670014F364;
					};
				};
			};
			buildConfigurationList = E99C0E9019FAF9670014F364 /* Build configuration list for PBXProject "PopInJump" */;
			compatibilityVersion = "Xcode 3.2";
			developmentRegion = English;
			hasScannedForEncodings = 0;
			knownRegions = (
				en,
				Base,
			);
			mainGroup = E99C0E8C19FAF9670014F364;
			productRefGroup = E99C0E9619FAF9670014F364 /* Products */;
			projectDirPath = "";
			projectRoot = "";
			targets = (
				E99C0E9419FAF9670014F364 /* PopInJump */,
				E99C0EAD19FAF9680014F364 /* PopInJumpTests */,
			);
		};
/* End PBXProject section */

/* Begin PBXResourcesBuildPhase section */
		E99C0E9319FAF9670014F364 /* Resources */ = {
			isa = PBXResourcesBuildPhase;
			buildActionMask = 2147483647;
			files = (
				E99C0EA419FAF9670014F364 /* Main.storyboard in Resources */,
				E99C0EA919FAF9670014F364 /* LaunchScreen.xib in Resources */,
				E99C0EA619FAF9670014F364 /* Images.xcassets in Resources */,
			);
			runOnlyForDeploymentPostprocessing = 0;
		};
		E99C0EAC19FAF9680014F364 /* Resources */ = {
			isa = PBXResourcesBuildPhase;
			buildActionMask = 2147483647;
			files = (
			);
			runOnlyForDeploymentPostprocessing = 0;
		};
/* End PBXResourcesBuildPhase section */

/* Begin PBXSourcesBuildPhase section */
		E99C0E9119FAF9670014F364 /* Sources */ = {
			isa = PBXSourcesBuildPhase;
			buildActionMask = 2147483647;
			files = (
				E99C0EA119FAF9670014F364 /* ViewController.m in Sources */,
				E99C0E9E19FAF9670014F364 /* AppDelegate.m in Sources */,
				E99C0E9B19FAF9670014F364 /* main.m in Sources */,
			);
			runOnlyForDeploymentPostprocessing = 0;
		};
		E99C0EAA19FAF9680014F364 /* Sources */ = {
			isa = PBXSourcesBuildPhase;
			buildActionMask = 2147483647;
			files = (
				E99C0EB519FAF9680014F364 /* PopInJumpTests.m in Sources */,
			);
			runOnlyForDeploymentPostprocessing = 0;
		};
/* End PBXSourcesBuildPhase section */

/* Begin PBXTargetDependency section */
		E99C0EB019FAF9680014F364 /* PBXTargetDependency */ = {
			isa = PBXTargetDependency;
			target = E99C0E9419FAF9670014F364 /* PopInJump */;
			targetProxy = E99C0EAF19FAF9680014F364 /* PBXContainerItemProxy */;
		};
/* End PBXTargetDependency section */

/* Begin PBXVariantGroup section */
		E99C0EA219FAF9670014F364 /* Main.storyboard */ = {
			isa = PBXVariantGroup;
			children = (
				E99C0EA319FAF9670014F364 /* Base */,
			);
			name = Main.storyboard;
			sourceTree = "<group>";
		};
		E99C0EA719FAF9670014F364 /* LaunchScreen.xib */ = {
			isa = PBXVariantGroup;
			children = (
				E99C0EA819FAF9670014F364 /* Base */,
			);
			name = LaunchScreen.xib;
			sourceTree = "<group>";
		};
/* End PBXVariantGroup section */

/* Begin XCBuildConfiguration section */
		E99C0EB619FAF9680014F364 /* Debug */ = {
			isa = XCBuildConfiguration;
			buildSettings = {
				ALWAYS_SEARCH_USER_PATHS = NO;
				CLANG_CXX_LANGUAGE_STANDARD = "gnu++0x";
				CLANG_CXX_LIBRARY = "libc++";
				CLANG_ENABLE_MODULES = YES;
				CLANG_ENABLE_OBJC_ARC = YES;
				CLANG_WARN_BOOL_CONVERSION = YES;
				CLANG_WARN_CONSTANT_CONVERSION = YES;
				CLANG_WARN_DIRECT_OBJC_ISA_USAGE = YES_ERROR;
				CLANG_WARN_EMPTY_BODY = YES;
				CLANG_WARN_ENUM_CONVERSION = YES;
				CLANG_WARN_INT_CONVERSION = YES;
				CLANG_WARN_OBJC_ROOT_CLASS = YES_ERROR;
				CLANG_WARN_UNREACHABLE_CODE = YES;
				CLANG_WARN__DUPLICATE_METHOD_MATCH = YES;
				"CODE_SIGN_IDENTITY[sdk=iphoneos*]" = "iPhone Developer";
				COPY_PHASE_STRIP = NO;
				ENABLE_STRICT_OBJC_MSGSEND = YES;
				GCC_C_LANGUAGE_STANDARD = gnu99;
				GCC_DYNAMIC_NO_PIC = NO;
				GCC_OPTIMIZATION_LEVEL = 0;
				GCC_PREPROCESSOR_DEFINITIONS = (
					"DEBUG=1",
					"$(inherited)",
				);
				GCC_SYMBOLS_PRIVATE_EXTERN = NO;
				GCC_WARN_64_TO_32_BIT_CONVERSION = YES;
				GCC_WARN_ABOUT_RETURN_TYPE = YES_ERROR;
				GCC_WARN_UNDECLARED_SELECTOR = YES;
				GCC_WARN_UNINITIALIZED_AUTOS = YES_AGGRESSIVE;
				GCC_WARN_UNUSED_FUNCTION = YES;
				GCC_WARN_UNUSED_VARIABLE = YES;
				IPHONEOS_DEPLOYMENT_TARGET = 8.1;
				MTL_ENABLE_DEBUG_INFO = YES;
				ONLY_ACTIVE_ARCH = YES;
				SDKROOT = iphoneos;
			};
			name = Debug;
		};
		E99C0EB719FAF9680014F364 /* Release */ = {
			isa = XCBuildConfiguration;
			buildSettings = {
				ALWAYS_SEARCH_USER_PATHS = NO;
				CLANG_CXX_LANGUAGE_STANDARD = "gnu++0x";
				CLANG_CXX_LIBRARY = "libc++";
				CLANG_ENABLE_MODULES = YES;
				CLANG_ENABLE_OBJC_ARC = YES;
				CLANG_WARN_BOOL_CONVERSION = YES;
				CLANG_WARN_CONSTANT_CONVERSION = YES;
				CLANG_WARN_DIRECT_OBJC_ISA_USAGE = YES_ERROR;
				CLANG_WARN_EMPTY_BODY = YES;
				CLANG_WARN_ENUM_CONVERSION = YES;
				CLANG_WARN_INT_CONVERSION = YES;
				CLANG_WARN_OBJC_ROOT_CLASS = YES_ERROR;
				CLANG_WARN_UNREACHABLE_CODE = YES;
				CLANG_WARN__DUPLICATE_METHOD_MATCH = YES;
				"CODE_SIGN_IDENTITY[sdk=iphoneos*]" = "iPhone Developer";
				COPY_PHASE_STRIP = YES;
				ENABLE_NS_ASSERTIONS = NO;
				ENABLE_STRICT_OBJC_MSGSEND = YES;
				GCC_C_LANGUAGE_STANDARD = gnu99;
				GCC_WARN_64_TO_32_BIT_CONVERSION = YES;
				GCC_WARN_ABOUT_RETURN_TYPE = YES_ERROR;
				GCC_WARN_UNDECLARED_SELECTOR = YES;
				GCC_WARN_UNINITIALIZED_AUTOS = YES_AGGRESSIVE;
				GCC_WARN_UNUSED_FUNCTION = YES;
				GCC_WARN_UNUSED_VARIABLE = YES;
				IPHONEOS_DEPLOYMENT_TARGET = 8.1;
				MTL_ENABLE_DEBUG_INFO = NO;
				SDKROOT = iphoneos;
				VALIDATE_PRODUCT = YES;
			};
			name = Release;
		};
		E99C0EB919FAF9680014F364 /* Debug */ = {
			isa = XCBuildConfiguration;
			buildSettings = {
				ASSETCATALOG_COMPILER_APPICON_NAME = AppIcon;
				INFOPLIST_FILE = PopInJump/Info.plist;
				LD_RUNPATH_SEARCH_PATHS = "$(inherited) @executable_path/Frameworks";
				PRODUCT_NAME = "$(TARGET_NAME)";
			};
			name = Debug;
		};
		E99C0EBA19FAF9680014F364 /* Release */ = {
			isa = XCBuildConfiguration;
			buildSettings = {
				ASSETCATALOG_COMPILER_APPICON_NAME = AppIcon;
				INFOPLIST_FILE = PopInJump/Info.plist;
				LD_RUNPATH_SEARCH_PATHS = "$(inherited) @executable_path/Frameworks";
				PRODUCT_NAME = "$(TARGET_NAME)";
			};
			name = Release;
		};
		E99C0EBC19FAF9680014F364 /* Debug */ = {
			isa = XCBuildConfiguration;
			buildSettings = {
				BUNDLE_LOADER = "$(TEST_HOST)";
				FRAMEWORK_SEARCH_PATHS = (
					"$(SDKROOT)/Developer/Library/Frameworks",
					"$(inherited)",
				);
				GCC_PREPROCESSOR_DEFINITIONS = (
					"DEBUG=1",
					"$(inherited)",
				);
				INFOPLIST_FILE = PopInJumpTests/Info.plist;
				LD_RUNPATH_SEARCH_PATHS = "$(inherited) @executable_path/Frameworks @loader_path/Frameworks";
				PRODUCT_NAME = "$(TARGET_NAME)";
				TEST_HOST = "$(BUILT_PRODUCTS_DIR)/PopInJump.app/PopInJump";
			};
			name = Debug;
		};
		E99C0EBD19FAF9680014F364 /* Release */ = {
			isa = XCBuildConfiguration;
			buildSettings = {
				BUNDLE_LOADER = "$(TEST_HOST)";
				FRAMEWORK_SEARCH_PATHS = (
					"$(SDKROOT)/Developer/Library/Frameworks",
					"$(inherited)",
				);
				INFOPLIST_FILE = PopInJumpTests/Info.plist;
				LD_RUNPATH_SEARCH_PATHS = "$(inherited) @executable_path/Frameworks @loader_path/Frameworks";
				PRODUCT_NAME = "$(TARGET_NAME)";
				TEST_HOST = "$(BUILT_PRODUCTS_DIR)/PopInJump.app/PopInJump";
			};
			name = Release;
		};
/* End XCBuildConfiguration section */

/* Begin XCConfigurationList section */
		E99C0E9019FAF9670014F364 /* Build configuration list for PBXProject "PopInJump" */ = {
			isa = XCConfigurationList;
			buildConfigurations = (
				E99C0EB619FAF9680014F364 /* Debug */,
				E99C0EB719FAF9680014F364 /* Release */,
			);
			defaultConfigurationIsVisible = 0;
			defaultConfigurationName = Release;
		};
		E99C0EB819FAF9680014F364 /* Build configuration list for PBXNativeTarget "PopInJump" */ = {
			isa = XCConfigurationList;
			buildConfigurations = (
				E99C0EB919FAF9680014F364 /* Debug */,
				E99C0EBA19FAF9680014F364 /* Release */,
			);
			defaultConfigurationIsVisible = 0;
		};
		E99C0EBB19FAF9680014F364 /* Build configuration list for PBXNativeTarget "PopInJumpTests" */ = {
			isa = XCConfigurationList;
			buildConfigurations = (
				E99C0EBC19FAF9680014F364 /* Debug */,
				E99C0EBD19FAF9680014F364 /* Release */,
			);
			defaultConfigurationIsVisible = 0;
		};
/* End XCConfigurationList section */
	};
	rootObject = E99C0E8D19FAF9670014F364 /* Project object */;
}
